Microsoft Visual Studio Solution File, Format Version 12.00
# Visual Studio Version 17
VisualStudioVersion = 17.5.2.0
MinimumVisualStudioVersion = 10.0.40219.1
Project("{2150E333-8FDC-42A3-9474-1A3956D46DE8}") = "movie-reviews", "movie-reviews", "{72B2F24B-44C7-F4BA-634A-975231E29E69}"
EndProject
Project("{FAE04EC0-301F-11D3-BF4B-00C04F79EFBC}") = "server", "movie-reviews\server\server.csproj", "{8FAA1FDD-0D71-6647-17BD-88B3F6AB7D2A}"
EndProject
Global
	GlobalSection(SolutionConfigurationPlatforms) = preSolution
		Debug|Any CPU = Debug|Any CPU
		Release|Any CPU = Release|Any CPU
	EndGlobalSection
	GlobalSection(ProjectConfigurationPlatforms) = postSolution
		{8FAA1FDD-0D71-6647-17BD-88B3F6AB7D2A}.Debug|Any CPU.ActiveCfg = Debug|Any CPU
		{8FAA1FDD-0D71-6647-17BD-88B3F6AB7D2A}.Debug|Any CPU.Build.0 = Debug|Any CPU
		{8FAA1FDD-0D71-6647-17BD-88B3F6AB7D2A}.Release|Any CPU.ActiveCfg = Release|Any CPU
		{8FAA1FDD-0D71-6647-17BD-88B3F6AB7D2A}.Release|Any CPU.Build.0 = Release|Any CPU
	EndGlobalSection
	GlobalSection(SolutionProperties) = preSolution
		HideSolutionNode = FALSE
	EndGlobalSection
	GlobalSection(NestedProjects) = preSolution
		{8FAA1FDD-0D71-6647-17BD-88B3F6AB7D2A} = {72B2F24B-44C7-F4BA-634A-975231E29E69}
	EndGlobalSection
	GlobalSection(ExtensibilityGlobals) = postSolution
		SolutionGuid = {64C670E4-043C-486C-B15E-5B45E8895B51}
	EndGlobalSection
EndGlobal
